
Microsoft Visual Studio Solution File, Format Version 12.00
# Visual Studio Version 17
VisualStudioVersion = 17.0.32014.148
MinimumVisualStudioVersion = 10.0.40219.1
Project("{FAE04EC0-301F-11D3-BF4B-00C04F79EFBC}") = "ClientChatApp_20190140015_Muhamad Arief P Suradi", "ClientChatApp_20190140015_Muhamad Arief P Suradi.csproj", "{554F5042-E4C1-428F-BC39-5F91C6A7D8D3}"
EndProject
Global
	GlobalSection(SolutionConfigurationPlatforms) = preSolution
		Debug|Any CPU = Debug|Any CPU
		Release|Any CPU = Release|Any CPU
	EndGlobalSection
	GlobalSection(ProjectConfigurationPlatforms) = postSolution
		{554F5042-E4C1-428F-BC39-5F91C6A7D8D3}.Debug|Any CPU.ActiveCfg = Debug|Any CPU
		{554F5042-E4C1-428F-BC39-5F91C6A7D8D3}.Debug|Any CPU.Build.0 = Debug|Any CPU
		{554F5042-E4C1-428F-BC39-5F91C6A7D8D3}.Release|Any CPU.ActiveCfg = Release|Any CPU
		{554F5042-E4C1-428F-BC39-5F91C6A7D8D3}.Release|Any CPU.Build.0 = Release|Any CPU
	EndGlobalSection
	GlobalSection(SolutionProperties) = preSolution
		HideSolutionNode = FALSE
	EndGlobalSection
	GlobalSection(ExtensibilityGlobals) = postSolution
		SolutionGuid = {BDA70D7C-5A81-46A3-B959-3D7DB635953A}
	EndGlobalSection
EndGlobal
